
Microsoft Visual Studio Solution File, Format Version 12.00
# Visual Studio 15
VisualStudioVersion = 15.0.27428.2027
MinimumVisualStudioVersion = 10.0.40219.1
Project("{9A19103F-16F7-4668-BE54-9A1E7A4F7556}") = "Wiesend", "projects\Wiesend\Wiesend.csproj", "{649B350B-7070-44C9-B8FE-C5BF39CCE0BE}"
EndProject
Global
	GlobalSection(SolutionConfigurationPlatforms) = preSolution
		Debug|Any CPU = Debug|Any CPU
		Release|Any CPU = Release|Any CPU
	EndGlobalSection
	GlobalSection(ProjectConfigurationPlatforms) = postSolution
		{649B350B-7070-44C9-B8FE-C5BF39CCE0BE}.Debug|Any CPU.ActiveCfg = Debug|Any CPU
		{649B350B-7070-44C9-B8FE-C5BF39CCE0BE}.Debug|Any CPU.Build.0 = Debug|Any CPU
		{649B350B-7070-44C9-B8FE-C5BF39CCE0BE}.Release|Any CPU.ActiveCfg = Release|Any CPU
		{649B350B-7070-44C9-B8FE-C5BF39CCE0BE}.Release|Any CPU.Build.0 = Release|Any CPU
	EndGlobalSection
	GlobalSection(SolutionProperties) = preSolution
		HideSolutionNode = FALSE
	EndGlobalSection
	GlobalSection(ExtensibilityGlobals) = postSolution
		SolutionGuid = {AD5EDEC0-08FF-4AE9-83A8-51EDD6B67FD3}
	EndGlobalSection
EndGlobal
