
Microsoft Visual Studio Solution File, Format Version 12.00
# Visual Studio Version 17
VisualStudioVersion = 17.6.33829.357
MinimumVisualStudioVersion = 10.0.40219.1
Project("{9A19103F-16F7-4668-BE54-9A1E7A4F7556}") = "Wiesend.Configuration", "..\projects\Wiesend.Configuration\Wiesend.Configuration.csproj", "{5111AD32-E767-4B08-9ABA-5E632AAB3154}"
EndProject
Project("{9A19103F-16F7-4668-BE54-9A1E7A4F7556}") = "Wiesend.DataTypes", "..\projects\Wiesend.DataTypes\Wiesend.DataTypes.csproj", "{78427A8A-D7D1-42AF-9775-7E0AA531038B}"
EndProject
Project("{9A19103F-16F7-4668-BE54-9A1E7A4F7556}") = "Wiesend.IO", "..\projects\Wiesend.IO\Wiesend.IO.csproj", "{F3C57A15-3097-4252-BFEB-B5D8122976D9}"
EndProject
Project("{9A19103F-16F7-4668-BE54-9A1E7A4F7556}") = "Wiesend.IoC", "..\projects\Wiesend.IoC\Wiesend.IoC.csproj", "{A297E4A1-F994-4DB6-B5CA-F95148B7D726}"
EndProject
Project("{9A19103F-16F7-4668-BE54-9A1E7A4F7556}") = "Wiesend.Logging (NLog)", "..\projects\Wiesend.Logging (NLog)\Wiesend.Logging (NLog).csproj", "{54A16F8D-C163-4111-AD5C-BC37F76E99BF}"
EndProject
Project("{9A19103F-16F7-4668-BE54-9A1E7A4F7556}") = "Wiesend.Media", "..\projects\Wiesend.Media\Wiesend.Media.csproj", "{5ECE2FA1-739D-4DF7-952F-849D1D0D54C8}"
EndProject
Project("{9A19103F-16F7-4668-BE54-9A1E7A4F7556}") = "Wiesend.ORM", "..\projects\Wiesend.ORM\Wiesend.ORM.csproj", "{D6EDB7E2-1149-4224-8E24-A6A288D85801}"
EndProject
Project("{9A19103F-16F7-4668-BE54-9A1E7A4F7556}") = "Wiesend.Profiler", "..\projects\Wiesend.Profiler\Wiesend.Profiler.csproj", "{71ECD439-C279-4920-8648-5D786EDC2061}"
EndProject
Project("{9A19103F-16F7-4668-BE54-9A1E7A4F7556}") = "Wiesend.Random", "..\projects\Wiesend.Random\Wiesend.Random.csproj", "{B2DB3847-AA92-4266-B732-4D13E7801E74}"
EndProject
Project("{9A19103F-16F7-4668-BE54-9A1E7A4F7556}") = "Wiesend.Validation", "..\projects\Wiesend.Validation\Wiesend.Validation.csproj", "{42D442FA-5508-4A01-8808-617976EEED96}"
EndProject
Project("{9A19103F-16F7-4668-BE54-9A1E7A4F7556}") = "Wiesend.Web", "..\projects\Wiesend.Web\Wiesend.Web.csproj", "{B05A0B6F-FFD8-4E43-968A-DFA8D8590B99}"
EndProject
Project("{9A19103F-16F7-4668-BE54-9A1E7A4F7556}") = "Wiesend.Workflow", "..\projects\Wiesend.Workflow\Wiesend.Workflow.csproj", "{1BE55628-1C00-4FFD-8026-B7BE66BEDA6D}"
EndProject
Global
	GlobalSection(SolutionConfigurationPlatforms) = preSolution
		Debug|Any CPU = Debug|Any CPU
		Release|Any CPU = Release|Any CPU
	EndGlobalSection
	GlobalSection(ProjectConfigurationPlatforms) = postSolution
		{5111AD32-E767-4B08-9ABA-5E632AAB3154}.Debug|Any CPU.ActiveCfg = Debug|Any CPU
		{5111AD32-E767-4B08-9ABA-5E632AAB3154}.Debug|Any CPU.Build.0 = Debug|Any CPU
		{5111AD32-E767-4B08-9ABA-5E632AAB3154}.Release|Any CPU.ActiveCfg = Release|Any CPU
		{5111AD32-E767-4B08-9ABA-5E632AAB3154}.Release|Any CPU.Build.0 = Release|Any CPU
		{78427A8A-D7D1-42AF-9775-7E0AA531038B}.Debug|Any CPU.ActiveCfg = Debug|Any CPU
		{78427A8A-D7D1-42AF-9775-7E0AA531038B}.Debug|Any CPU.Build.0 = Debug|Any CPU
		{78427A8A-D7D1-42AF-9775-7E0AA531038B}.Release|Any CPU.ActiveCfg = Release|Any CPU
		{78427A8A-D7D1-42AF-9775-7E0AA531038B}.Release|Any CPU.Build.0 = Release|Any CPU
		{F3C57A15-3097-4252-BFEB-B5D8122976D9}.Debug|Any CPU.ActiveCfg = Debug|Any CPU
		{F3C57A15-3097-4252-BFEB-B5D8122976D9}.Debug|Any CPU.Build.0 = Debug|Any CPU
		{F3C57A15-3097-4252-BFEB-B5D8122976D9}.Release|Any CPU.ActiveCfg = Release|Any CPU
		{F3C57A15-3097-4252-BFEB-B5D8122976D9}.Release|Any CPU.Build.0 = Release|Any CPU
		{A297E4A1-F994-4DB6-B5CA-F95148B7D726}.Debug|Any CPU.ActiveCfg = Debug|Any CPU
		{A297E4A1-F994-4DB6-B5CA-F95148B7D726}.Debug|Any CPU.Build.0 = Debug|Any CPU
		{A297E4A1-F994-4DB6-B5CA-F95148B7D726}.Release|Any CPU.ActiveCfg = Release|Any CPU
		{A297E4A1-F994-4DB6-B5CA-F95148B7D726}.Release|Any CPU.Build.0 = Release|Any CPU
		{54A16F8D-C163-4111-AD5C-BC37F76E99BF}.Debug|Any CPU.ActiveCfg = Debug|Any CPU
		{54A16F8D-C163-4111-AD5C-BC37F76E99BF}.Debug|Any CPU.Build.0 = Debug|Any CPU
		{54A16F8D-C163-4111-AD5C-BC37F76E99BF}.Release|Any CPU.ActiveCfg = Release|Any CPU
		{54A16F8D-C163-4111-AD5C-BC37F76E99BF}.Release|Any CPU.Build.0 = Release|Any CPU
		{5ECE2FA1-739D-4DF7-952F-849D1D0D54C8}.Debug|Any CPU.ActiveCfg = Debug|Any CPU
		{5ECE2FA1-739D-4DF7-952F-849D1D0D54C8}.Debug|Any CPU.Build.0 = Debug|Any CPU
		{5ECE2FA1-739D-4DF7-952F-849D1D0D54C8}.Release|Any CPU.ActiveCfg = Release|Any CPU
		{5ECE2FA1-739D-4DF7-952F-849D1D0D54C8}.Release|Any CPU.Build.0 = Release|Any CPU
		{D6EDB7E2-1149-4224-8E24-A6A288D85801}.Debug|Any CPU.ActiveCfg = Debug|Any CPU
		{D6EDB7E2-1149-4224-8E24-A6A288D85801}.Debug|Any CPU.Build.0 = Debug|Any CPU
		{D6EDB7E2-1149-4224-8E24-A6A288D85801}.Release|Any CPU.ActiveCfg = Release|Any CPU
		{D6EDB7E2-1149-4224-8E24-A6A288D85801}.Release|Any CPU.Build.0 = Release|Any CPU
		{71ECD439-C279-4920-8648-5D786EDC2061}.Debug|Any CPU.ActiveCfg = Debug|Any CPU
		{71ECD439-C279-4920-8648-5D786EDC2061}.Debug|Any CPU.Build.0 = Debug|Any CPU
		{71ECD439-C279-4920-8648-5D786EDC2061}.Release|Any CPU.ActiveCfg = Release|Any CPU
		{71ECD439-C279-4920-8648-5D786EDC2061}.Release|Any CPU.Build.0 = Release|Any CPU
		{B2DB3847-AA92-4266-B732-4D13E7801E74}.Debug|Any CPU.ActiveCfg = Debug|Any CPU
		{B2DB3847-AA92-4266-B732-4D13E7801E74}.Debug|Any CPU.Build.0 = Debug|Any CPU
		{B2DB3847-AA92-4266-B732-4D13E7801E74}.Release|Any CPU.ActiveCfg = Release|Any CPU
		{B2DB3847-AA92-4266-B732-4D13E7801E74}.Release|Any CPU.Build.0 = Release|Any CPU
		{42D442FA-5508-4A01-8808-617976EEED96}.Debug|Any CPU.ActiveCfg = Debug|Any CPU
		{42D442FA-5508-4A01-8808-617976EEED96}.Debug|Any CPU.Build.0 = Debug|Any CPU
		{42D442FA-5508-4A01-8808-617976EEED96}.Release|Any CPU.ActiveCfg = Release|Any CPU
		{42D442FA-5508-4A01-8808-617976EEED96}.Release|Any CPU.Build.0 = Release|Any CPU
		{B05A0B6F-FFD8-4E43-968A-DFA8D8590B99}.Debug|Any CPU.ActiveCfg = Debug|Any CPU
		{B05A0B6F-FFD8-4E43-968A-DFA8D8590B99}.Debug|Any CPU.Build.0 = Debug|Any CPU
		{B05A0B6F-FFD8-4E43-968A-DFA8D8590B99}.Release|Any CPU.ActiveCfg = Release|Any CPU
		{B05A0B6F-FFD8-4E43-968A-DFA8D8590B99}.Release|Any CPU.Build.0 = Release|Any CPU
		{1BE55628-1C00-4FFD-8026-B7BE66BEDA6D}.Debug|Any CPU.ActiveCfg = Debug|Any CPU
		{1BE55628-1C00-4FFD-8026-B7BE66BEDA6D}.Debug|Any CPU.Build.0 = Debug|Any CPU
		{1BE55628-1C00-4FFD-8026-B7BE66BEDA6D}.Release|Any CPU.ActiveCfg = Release|Any CPU
		{1BE55628-1C00-4FFD-8026-B7BE66BEDA6D}.Release|Any CPU.Build.0 = Release|Any CPU
	EndGlobalSection
	GlobalSection(SolutionProperties) = preSolution
		HideSolutionNode = FALSE
	EndGlobalSection
	GlobalSection(ExtensibilityGlobals) = postSolution
		SolutionGuid = {19D287C0-0939-4816-8D98-55C389AEC9A1}
	EndGlobalSection
EndGlobal
